
Microsoft Visual Studio Solution File, Format Version 12.00
# Visual Studio Version 17
VisualStudioVersion = 17.7.34202.233
MinimumVisualStudioVersion = 10.0.40219.1
Project("{FAE04EC0-301F-11D3-BF4B-00C04F79EFBC}") = "hw4", "hw4.csproj", "{45F53414-380D-4700-8557-069741490BCB}"
EndProject
Global
	GlobalSection(SolutionConfigurationPlatforms) = preSolution
		Debug|Any CPU = Debug|Any CPU
		Release|Any CPU = Release|Any CPU
	EndGlobalSection
	GlobalSection(ProjectConfigurationPlatforms) = postSolution
		{45F53414-380D-4700-8557-069741490BCB}.Debug|Any CPU.ActiveCfg = Debug|Any CPU
		{45F53414-380D-4700-8557-069741490BCB}.Debug|Any CPU.Build.0 = Debug|Any CPU
		{45F53414-380D-4700-8557-069741490BCB}.Release|Any CPU.ActiveCfg = Release|Any CPU
		{45F53414-380D-4700-8557-069741490BCB}.Release|Any CPU.Build.0 = Release|Any CPU
	EndGlobalSection
	GlobalSection(SolutionProperties) = preSolution
		HideSolutionNode = FALSE
	EndGlobalSection
	GlobalSection(ExtensibilityGlobals) = postSolution
		SolutionGuid = {2BE2215E-9BB0-46D6-A333-9AFAB683D927}
	EndGlobalSection
EndGlobal
